{
  "version": 2,
  "dependencies": {
    "net10.0": {
      "Microsoft.NET.Test.Sdk": {
        "type": "Direct",
        "requested": "[18.10.1, )",
        "resolved": "18.10.1",
        "contentHash": "SxCFvJE/2ltUQgCgv6+Ixagohw4sZc9hM7Wid2foaNM7paBscktoHLoRDz91fW8wbHG87Rg9Ku59/8PXumqUrA==",
        "dependencies": {
          "Microsoft.CodeCoverage": "18.10.1",
          "Microsoft.TestPlatform.TestHost": "18.10.1"
        }
      },
      "xunit.runner.visualstudio": {
        "type": "Direct",
        "requested": "[3.1.5, )",
        "resolved": "3.1.5",
        "contentHash": "tKi7dSTwP4m5m9eXPM2Ime4Kn7xNf4x4zT9sdLO/G4hZVnQCRiMTWoSZqI/pYTVeI27oPPqHBKYI/DjJ9GsYgA=="
      },
      "xunit.v3": {
        "type": "Direct",
        "requested": "[3.2.2, )",
        "resolved": "3.2.2",
        "contentHash": "L+4/4y0Uqcg8/d6hfnxhnwh4j9FaeULvefTwrk30rr1o4n/vdPfyUQ8k0yzH8VJx7bmFEkDdcRfbtbjEHlaYcA==",
        "dependencies": {
          "xunit.v3.mtp-v1": "[3.2.2]"
        }
      },
      "CommandLineParser": {
        "type": "Transitive",
        "resolved": "2.9.1",
        "contentHash": "OE0sl1/sQ37bjVsPKKtwQlWDgqaxWgtme3xZz7JssWUzg5JpMIyHgCTY9MVMxOg48fJ1AgGT3tgdH5m/kQ5xhA=="
      },
      "DynamicData": {
        "type": "Transitive",
        "resolved": "9.4.31",
        "contentHash": "w2bT92Z5ADtnmtKiC9mzk21h7MtXtZEQKWFyytuHqhPBo7rKPWnvFk/xy1M/VA6XQTbCjRWMNV795w+RizFn4g==",
        "dependencies": {
          "System.Reactive": "6.1.0"
        }
      },
      "FluentResults": {
        "type": "Transitive",
        "resolved": "3.15.2",
        "contentHash": "yR3PD1SWKirYNpQ/t9TjJrsp1adazMmozLDPeamvSIljLAIjS0EQyyGvoupWsbZEryqW9SHbKXVL8YaJwURk8w==",
        "dependencies": {
          "Microsoft.Extensions.Logging.Abstractions": "6.0.1"
        }
      },
      "GameFinder.Common": {
        "type": "Transitive",
        "resolved": "4.9.0",
        "contentHash": "bZsWx9VrMvsu5PtVLOTNAVAYrW3idOmWrbyZaZ7q2+htBafHEDtYtaBg6/roICLdrjT2VxffC4oSkSjdUFLvRw==",
        "dependencies": {
          "FluentResults": "3.15.2",
          "Microsoft.Extensions.Logging.Abstractions": "9.0.4",
          "NexusMods.Paths": "0.19.1",
          "OneOf": "3.0.271"
        }
      },
      "GameFinder.RegistryUtils": {
        "type": "Transitive",
        "resolved": "4.9.0",
        "contentHash": "kNUPphnCie0Eqb4Ly045YocMAmfVDYtXI5Z6pODXV/lumRKmGnZOoEOn+oViNfY/k/DJnBNKg2N4oYsaXeWrEA=="
      },
      "GameFinder.StoreHandlers.GOG": {
        "type": "Transitive",
        "resolved": "4.9.0",
        "contentHash": "J1nP4AkTjwsTgJhSLM5O9wV0T9bKt0BUqrMuoYlx1R+Cbco/I2/5pd9ijYOnVaGqxdih/iIHDDGnaI9OYBU6+A==",
        "dependencies": {
          "GameFinder.Common": "4.9.0",
          "GameFinder.RegistryUtils": "4.9.0",
          "TransparentValueObjects.Abstractions": "1.1.0"
        }
      },
      "GameFinder.StoreHandlers.Steam": {
        "type": "Transitive",
        "resolved": "4.9.0",
        "contentHash": "KTNII5mQsPHEVhqfIsvbG3t1AvCvmIgJQkFd2J3AP+84qZQAiPhl17DRDyt3kgJuesvK906jMzOpt6ypjRZECQ==",
        "dependencies": {
          "GameFinder.Common": "4.9.0",
          "GameFinder.RegistryUtils": "4.9.0",
          "GameFinder.Wine": "4.9.0",
          "TransparentValueObjects.Abstractions": "1.1.0",
          "ValveKeyValue": "0.13.1.398"
        }
      },
      "GameFinder.StoreHandlers.Xbox": {
        "type": "Transitive",
        "resolved": "4.9.0",
        "contentHash": "OzDIT1r9xD2fxmyUMxww/Oz9Ex182UVQquq0gU90njzJy3OKfsLk8uPuXm6i2Tr7xhfoLzg4wozP8R1nyEFrNw==",
        "dependencies": {
          "GameFinder.Common": "4.9.0",
          "TransparentValueObjects.Abstractions": "1.1.0"
        }
      },
      "GameFinder.Wine": {
        "type": "Transitive",
        "resolved": "4.9.0",
        "contentHash": "LlqnxPuot8gi6ay0qUgBD9TeiRIY0P8BIVzOgxIP+Ti/Wbd4HHq22yieP2aLOUkugXeArGTOYp+1ykjNgtjqZw==",
        "dependencies": {
          "GameFinder.Common": "4.9.0",
          "GameFinder.RegistryUtils": "4.9.0"
        }
      },
      "ini-parser-netstandard": {
        "type": "Transitive",
        "resolved": "2.5.3",
        "contentHash": "Ht3UqRCqizBPbB5pvQ/yCNZIChY6Cy5nLn7TKIlJzWnf4pbqGKqDO+AY6MDTD+fXgEzzMb64Qzl4/Hy7vEqfLA=="
      },
      "K4os.Compression.LZ4": {
        "type": "Transitive",
        "resolved": "1.3.8",
        "contentHash": "LhwlPa7c1zs1OV2XadMtAWdImjLIsqFJPoRcIWAadSRn0Ri1DepK65UbWLPmt4riLqx2d40xjXRk0ogpqNtK7g=="
      },
      "K4os.Compression.LZ4.Streams": {
        "type": "Transitive",
        "resolved": "1.3.8",
        "contentHash": "P15qr8dZAeo9GvYbUIPEYFQ0MEJ0i5iqr37wsYeRC3la2uCldOoeCa6to0CZ1taiwxIV+Mk8NGuZi+4iWivK9w==",
        "dependencies": {
          "K4os.Compression.LZ4": "1.3.8",
          "K4os.Hash.xxHash": "1.0.8"
        }
      },
      "K4os.Hash.xxHash": {
        "type": "Transitive",
        "resolved": "1.0.8",
        "contentHash": "Wp2F7BamQ2Q/7Hk834nV9vRQapgcr8kgv9Jvfm8J3D0IhDqZMMl+a2yxUq5ltJitvXvQfB8W6K4F4fCbw/P6YQ=="
      },
      "Loqui": {
        "type": "Transitive",
        "resolved": "3.7.0",
        "contentHash": "QiMpja6PaTYKT7+mTOFKJrcOER6CsALjCtk4ZDcyfswskrVEGFifopnawPwwhEmb8xiufqnWrjc9wMemGDA17g==",
        "dependencies": {
          "Noggog.CSharpExt": "4.3.0"
        }
      },
      "Microsoft.ApplicationInsights": {
        "type": "Transitive",
        "resolved": "2.23.0",
        "contentHash": "nWArUZTdU7iqZLycLKWe0TDms48KKGE6pONH2terYNa8REXiqixrMOkf1sk5DHGMaUTqONU2YkS4SAXBhLStgw=="
      },
      "Microsoft.Bcl.AsyncInterfaces": {
        "type": "Transitive",
        "resolved": "6.0.0",
        "contentHash": "UcSjPsst+DfAdJGVDsu346FX0ci0ah+lw3WRtn18NUwEqRt70HaOQ7lI72vy3+1LxtqI3T5GWwV39rQSrCzAeg=="
      },
      "Microsoft.CodeAnalysis.Analyzers": {
        "type": "Transitive",
        "resolved": "5.3.0",
        "contentHash": "KuLhbZwB0L8JikL86AE5VWEp3RLNjIcp+j8yz9EJ/UBgRz4+qDEjHg/tluRFbpYpD/e37BqaaNFbQ0vqawBwWQ=="
      },
      "Microsoft.CodeAnalysis.Common": {
        "type": "Transitive",
        "resolved": "5.6.0",
        "contentHash": "eWYNB5e92PSdkQ0xcmy2aLtrvBXNydnVi0Hj/VjaAely6XBqA3By+ClGAJaj4d16pzQmrXPLLK9RDVuS1Ec9xQ==",
        "dependencies": {
          "Microsoft.CodeAnalysis.Analyzers": "5.3.0"
        }
      },
      "Microsoft.CodeCoverage": {
        "type": "Transitive",
        "resolved": "18.10.1",
        "contentHash": "tV7tCyp/t+DuwQugLkCeUN7NBFFB4fEGRPr0gkMQ2nQgAvQQjmGlZZi1dsLzbyoe/A0mbnKybmkIh8qhT9p4Zw=="
      },
      "Microsoft.Extensions.DependencyInjection.Abstractions": {
        "type": "Transitive",
        "resolved": "9.0.4",
        "contentHash": "UI0TQPVkS78bFdjkTodmkH0Fe8lXv9LnhGFKgKrsgUJ5a5FVdFRcgjIkBVLbGgdRhxWirxH/8IXUtEyYJx6GQg=="
      },
      "Microsoft.Extensions.Logging.Abstractions": {
        "type": "Transitive",
        "resolved": "9.0.4",
        "contentHash": "0MXlimU4Dud6t+iNi5NEz3dO2w1HXdhoOLaYFuLPCjAsvlPQGwOT6V2KZRMLEhCAm/stSZt1AUv0XmDdkjvtbw==",
        "dependencies": {
          "Microsoft.Extensions.DependencyInjection.Abstractions": "9.0.4"
        }
      },
      "Microsoft.Testing.Extensions.Telemetry": {
        "type": "Transitive",
        "resolved": "1.9.1",
        "contentHash": "No5AudZMmSb+uNXjlgL2y3/stHD2IT4uxqc5yHwkE+/nNux9jbKcaJMvcp9SwgP4DVD8L9/P3OUz8mmmcvEIdQ==",
        "dependencies": {
          "Microsoft.ApplicationInsights": "2.23.0",
          "Microsoft.Testing.Platform": "1.9.1"
        }
      },
      "Microsoft.Testing.Extensions.TrxReport.Abstractions": {
        "type": "Transitive",
        "resolved": "1.9.1",
        "contentHash": "AL46Xe1WBi85Ntd4mNPvat5ZSsZ2uejiVqoKCypr8J3wK0elA5xJ3AN4G/Q4GIwzUFnggZoH/DBjnr9J18IO/g==",
        "dependencies": {
          "Microsoft.Testing.Platform": "1.9.1"
        }
      },
      "Microsoft.Testing.Platform": {
        "type": "Transitive",
        "resolved": "1.9.1",
        "contentHash": "QafNtNSmEI0zazdebnsIkDKmFtTSpmx/5PLOjURWwozcPb3tvRxzosQSL8xwYNM1iPhhKiBksXZyRSE2COisrA=="
      },
      "Microsoft.Testing.Platform.MSBuild": {
        "type": "Transitive",
        "resolved": "1.9.1",
        "contentHash": "oTUtyR4X/s9ytuiNA29FGsNCCH0rNmY5Wdm14NCKLjTM1cT9edVSlA+rGS/mVmusPqcP0l/x9qOnMXg16v87RQ==",
        "dependencies": {
          "Microsoft.Testing.Platform": "1.9.1"
        }
      },
      "Microsoft.TestPlatform.ObjectModel": {
        "type": "Transitive",
        "resolved": "18.10.1",
        "contentHash": "o+PuLDRVp1iwiVAPBADZItXgm9Ck23XtPhE4kZtZVi0uYnMiiz1Dx9Cjh75kJ+ijfqnORL3VOTOaQVKi0f/ixg=="
      },
      "Microsoft.TestPlatform.TestHost": {
        "type": "Transitive",
        "resolved": "18.10.1",
        "contentHash": "KYz2omqkoz9E2mWa4fdgT+Ycie1wi5968EmyJlusjlp87RxxtA2FvDm8tcBEYIDzLnkWGnsKjE4d13Z7/rxkQA==",
        "dependencies": {
          "Microsoft.TestPlatform.ObjectModel": "18.10.1"
        }
      },
      "Microsoft.Win32.Registry": {
        "type": "Transitive",
        "resolved": "5.0.0",
        "contentHash": "dDoKi0PnDz31yAyETfRntsLArTlVAVzUzCIvvEDsDsucrl33Dl8pIJG06ePTJTI3tGpeyHS9Cq7Foc/s4EeKcg=="
      },
      "Mutagen.Bethesda.Core": {
        "type": "Transitive",
        "resolved": "0.54.5-safepatch.18",
        "contentHash": "WCY1XeOHS+uU0Rk0kKXsHET+/EXzg9X1i8qFopr0SuYbUlMJePDks6B12QArtRBN4MyUK196VCL8XweHuvjc3g==",
        "dependencies": {
          "GameFinder.StoreHandlers.GOG": "4.9.0",
          "GameFinder.StoreHandlers.Steam": "4.9.0",
          "GameFinder.StoreHandlers.Xbox": "4.9.0",
          "K4os.Compression.LZ4.Streams": "1.3.8",
          "Loqui": "3.7.0",
          "Mutagen.Bethesda.Kernel": "0.54.5-safepatch.18",
          "Noggog.CSharpExt": "4.3.0",
          "SharpZipLib": "1.4.2",
          "StrongInject": "1.4.4",
          "ini-parser-netstandard": "2.5.3"
        }
      },
      "Mutagen.Bethesda.Json": {
        "type": "Transitive",
        "resolved": "0.54.4",
        "contentHash": "UZgUXxxLEfRaCyUTtd65J3kMvUEv8/bAtoIDwsytpMVE50kEf25GtwKI/DrKjwGJd6EwNIPIDotA4EwUXwmzeg==",
        "dependencies": {
          "Mutagen.Bethesda.Core": "0.54.4",
          "Mutagen.Bethesda.Kernel": "0.54.4",
          "Newtonsoft.Json": "13.0.4"
        }
      },
      "Mutagen.Bethesda.Kernel": {
        "type": "Transitive",
        "resolved": "0.54.5-safepatch.18",
        "contentHash": "34fl3hlfOtpCJJ2T0HFRRgViCSKYct/liy7ER30x58yn1jU6PuwOoZ1r/TRHiqAGLANY3K7erWANt5VdNeLgMQ==",
        "dependencies": {
          "Noggog.CSharpExt": "4.3.0"
        }
      },
      "Newtonsoft.Json": {
        "type": "Transitive",
        "resolved": "13.0.4",
        "contentHash": "pdgNNMai3zv51W5aq268sujXUyx7SNdE2bj1wZcWjAQrKMFZV260lbqYop1d2GM67JI1huLRwxo9ZqnfF/lC6A=="
      },
      "NexusMods.Paths": {
        "type": "Transitive",
        "resolved": "0.19.1",
        "contentHash": "eXfgHMv9/UfeBgrzx1GovOUBtp4dsJVP39JhylngcQw4psJWGO1HeWycf5bo2g0BcRLiji3YTCOtVeYpty8Q3w==",
        "dependencies": {
          "Microsoft.Extensions.DependencyInjection.Abstractions": "8.0.2",
          "Reloaded.Memory": "9.4.2",
          "TransparentValueObjects.Abstractions": "1.1.0"
        }
      },
      "Noggog.CSharpExt": {
        "type": "Transitive",
        "resolved": "4.3.0",
        "contentHash": "HQ2i7d2/stRqvfUbLp5338oQgeNIetHBpTUqSMbvL6CVtuzVGxGF5Rc+zXhDC4cuxs1l0aNaaEtthML9bDkjWA==",
        "dependencies": {
          "DynamicData": "9.4.31",
          "System.IO.Abstractions": "22.1.1"
        }
      },
      "Noggog.SourceGenerators": {
        "type": "Transitive",
        "resolved": "4.3.0",
        "contentHash": "r8XVc8EyNhfwC158C1t9rQlTk3/LS7EBYtLk5f5QSbgSwH+L9mrf1D6FfIwBI/X2DZ++NKfV9dAAew7mymESOA=="
      },
      "OneOf": {
        "type": "Transitive",
        "resolved": "3.0.271",
        "contentHash": "pqpqeK8xQGggExhr4tesVgJkjdn+9HQAO0QgrYV2hFjE3y90okzk1kQMntMiUOGfV7FrCUfKPaVvPBD4IANqKg=="
      },
      "Reloaded.Memory": {
        "type": "Transitive",
        "resolved": "9.4.2",
        "contentHash": "yrjimngdXs7evlk/ZFbzP0uppTf0Og+LFFonITgpzZ94HmVOi8b+29YFfYdWTbf68qUzGP0D4s0VsMhaGerg5g=="
      },
      "SharpZipLib": {
        "type": "Transitive",
        "resolved": "1.4.2",
        "contentHash": "yjj+3zgz8zgXpiiC3ZdF/iyTBbz2fFvMxZFEBPUcwZjIvXOf37Ylm+K58hqMfIBt5JgU/Z2uoUS67JmTLe973A=="
      },
      "StrongInject": {
        "type": "Transitive",
        "resolved": "1.4.4",
        "contentHash": "apRGISKI+xWW0WYQJHXckQpE9fECP//X5PUaY7jA5R6+m59hTIcr0shySR9Bb7cInDG+0fAG6PLjd1SxlLqe6g=="
      },
      "Synthesis.Bethesda": {
        "type": "Transitive",
        "resolved": "0.36.6",
        "contentHash": "7QAt2pVKsopZHXxls/Z1CpVJejbdIvUUI5OgQvG+KtS/Ue5XXhpbuBpaBftw/rNoRN/ze804+gdc0DU5A0TFIg==",
        "dependencies": {
          "CommandLineParser": "2.9.1",
          "Mutagen.Bethesda.Kernel": "0.54.4",
          "Noggog.CSharpExt": "4.3.0"
        }
      },
      "System.IO.Abstractions": {
        "type": "Transitive",
        "resolved": "22.1.1",
        "contentHash": "nm4sNhAoN1NyiIVT6MS3EEzNjnir3PC1HE0mKGGUFg6RBW1HmRvWKuRDPkij1etOoQkpyIFmjVGcM6TpBGF3qQ==",
        "dependencies": {
          "TestableIO.System.IO.Abstractions": "22.1.1",
          "TestableIO.System.IO.Abstractions.Wrappers": "22.1.1"
        }
      },
      "System.Reactive": {
        "type": "Transitive",
        "resolved": "6.1.0",
        "contentHash": "M5cCC1ZMkZr9jbSQGTHnVkb5TDN67qWCV7AP8TAHdGkvDlu0puT5NzemESNn9+HkYIDpWpocP68/i+/ame2/2w=="
      },
      "TestableIO.System.IO.Abstractions": {
        "type": "Transitive",
        "resolved": "22.1.1",
        "contentHash": "EJmXIKfwvJHvSHWP+NjA213avUdofV4SmBx2aWxc3SzPkrHHVKxUMC3fSa/epzk/SVITwuU2EAntgQTvobAqwQ==",
        "dependencies": {
          "Testably.Abstractions.FileSystem.Interface": "10.1.0"
        }
      },
      "TestableIO.System.IO.Abstractions.Wrappers": {
        "type": "Transitive",
        "resolved": "22.1.1",
        "contentHash": "J91zmSwuMY75ybtkqAFMC3vDNMkLJ/kiDDLhORITEwTKNhEwEYfxAQGv+f0jGYZg/H0YbnGcx5Ky0FgFJwrrWQ==",
        "dependencies": {
          "Testably.Abstractions.FileSystem.Interface": "10.1.0"
        }
      },
      "Testably.Abstractions.FileSystem.Interface": {
        "type": "Transitive",
        "resolved": "10.1.0",
        "contentHash": "0R+m7DvS2QuDcFOfDGtyGErRrgXOl4/z2tbNLX2RfvlYJjlVcKG+wMIBfZO8vxGtTNwNxffTG4ibFRwd0jkM7w=="
      },
      "TransparentValueObjects.Abstractions": {
        "type": "Transitive",
        "resolved": "1.1.0",
        "contentHash": "t3aNn6UhA2NO9uLAfBafHklhgVEuh9AxtrGZp9AdUTeDea84LCvea9W6IhjSQVkUuhuDIZ482kKzuwyVSuf+Rw=="
      },
      "ValveKeyValue": {
        "type": "Transitive",
        "resolved": "0.13.1.398",
        "contentHash": "Cm9fOJZ5Meb7uFON2XtvO2oiw/2hxAnkXI+5enms0AGNRZu5vPhw1PF5H1B2W8SbRZxqE/hkzMkWdIOO0MGPzg=="
      },
      "xunit.analyzers": {
        "type": "Transitive",
        "resolved": "1.27.0",
        "contentHash": "y/pxIQaLvk/kxAoDkZW9GnHLCEqzwl5TW0vtX3pweyQpjizB9y3DXhb9pkw2dGeUqhLjsxvvJM1k89JowU6z3g=="
      },
      "xunit.v3.assert": {
        "type": "Transitive",
        "resolved": "3.2.2",
        "contentHash": "BPciBghgEEaJN/JG00QfCYDfEfnLgQhfnYEy+j1izoeHVNYd5+3Wm8GJ6JgYysOhpBPYGE+sbf75JtrRc7jrdA=="
      },
      "xunit.v3.common": {
        "type": "Transitive",
        "resolved": "3.2.2",
        "contentHash": "Hj775PEH6GTbbg0wfKRvG2hNspDCvTH9irXhH4qIWgdrOSV1sQlqPie+DOvFeigsFg2fxSM3ZAaaCDQs+KreFA==",
        "dependencies": {
          "Microsoft.Bcl.AsyncInterfaces": "6.0.0"
        }
      },
      "xunit.v3.core.mtp-v1": {
        "type": "Transitive",
        "resolved": "3.2.2",
        "contentHash": "Ga5aA2Ca9ktz+5k3g5ukzwfexwoqwDUpV6z7atSEUvqtd6JuybU1XopHqg1oFd78QdTfZgZE9h5sHpO4qYIi5w==",
        "dependencies": {
          "Microsoft.Testing.Extensions.Telemetry": "1.9.1",
          "Microsoft.Testing.Extensions.TrxReport.Abstractions": "1.9.1",
          "Microsoft.Testing.Platform": "1.9.1",
          "Microsoft.Testing.Platform.MSBuild": "1.9.1",
          "xunit.v3.extensibility.core": "[3.2.2]",
          "xunit.v3.runner.inproc.console": "[3.2.2]"
        }
      },
      "xunit.v3.extensibility.core": {
        "type": "Transitive",
        "resolved": "3.2.2",
        "contentHash": "srY8z/oMPvh/t8axtO2DwrHajhFMH7tnqKildvYrVQIfICi8fOn3yIBWkVPAcrKmHMwvXRJ/XsQM3VMR6DOYfQ==",
        "dependencies": {
          "xunit.v3.common": "[3.2.2]"
        }
      },
      "xunit.v3.mtp-v1": {
        "type": "Transitive",
        "resolved": "3.2.2",
        "contentHash": "O41aAzYKBT5PWqATa1oEWVNCyEUypFQ4va6K0kz37dduV3EKzXNMaV2UnEhufzU4Cce1I33gg0oldS8tGL5I0A==",
        "dependencies": {
          "xunit.analyzers": "1.27.0",
          "xunit.v3.assert": "[3.2.2]",
          "xunit.v3.core.mtp-v1": "[3.2.2]"
        }
      },
      "xunit.v3.runner.common": {
        "type": "Transitive",
        "resolved": "3.2.2",
        "contentHash": "/hkHkQCzGrugelOAehprm7RIWdsUFVmIVaD6jDH/8DNGCymTlKKPTbGokD5czbAfqfex47mBP0sb0zbHYwrO/g==",
        "dependencies": {
          "Microsoft.Win32.Registry": "[5.0.0]",
          "xunit.v3.common": "[3.2.2]"
        }
      },
      "xunit.v3.runner.inproc.console": {
        "type": "Transitive",
        "resolved": "3.2.2",
        "contentHash": "ulWOdSvCk+bPXijJZ73bth9NyoOHsAs1ZOvamYbCkD4DNLX/Bd29Ve2ZNUwBbK0MqfIYWXHZViy/HKrdEC/izw==",
        "dependencies": {
          "xunit.v3.extensibility.core": "[3.2.2]",
          "xunit.v3.runner.common": "[3.2.2]"
        }
      },
      "safepatch.host": {
        "type": "Project",
        "dependencies": {
          "SafePatch.Protocol": "[1.0.0, )"
        }
      },
      "safepatch.mutagen": {
        "type": "Project",
        "dependencies": {
          "Mutagen.Bethesda.Skyrim": "[0.54.5-safepatch.18, 0.54.5-safepatch.18]",
          "SafePatch.Host": "[1.0.0, )"
        }
      },
      "safepatch.protocol": {
        "type": "Project"
      },
      "safepatch.sandbox.windows": {
        "type": "Project",
        "dependencies": {
          "SafePatch.Host": "[1.0.0, )"
        }
      },
      "safepatch.synthesis": {
        "type": "Project",
        "dependencies": {
          "Mutagen.Bethesda.Skyrim": "[0.54.5-safepatch.18, 0.54.5-safepatch.18]",
          "Mutagen.Bethesda.Synthesis": "[0.36.6, 0.36.6]",
          "SafePatch.Host": "[1.0.0, )",
          "SafePatch.Mutagen": "[1.0.0, )",
          "SafePatch.Sandbox.Windows": "[1.0.0, )"
        }
      },
      "safepatch.testsupport": {
        "type": "Project",
        "dependencies": {
          "Microsoft.CodeAnalysis.CSharp": "[5.6.0, )",
          "SafePatch.Host": "[1.0.0, )",
          "SafePatch.Mutagen": "[1.0.0, )",
          "SafePatch.Synthesis": "[0.1.0, )",
          "SafePatch.Worker.Core": "[1.0.0, )"
        }
      },
      "safepatch.worker.core": {
        "type": "Project",
        "dependencies": {
          "Mutagen.Bethesda.Skyrim": "[0.54.5-safepatch.18, 0.54.5-safepatch.18]",
          "Mutagen.Bethesda.Synthesis": "[0.36.6, 0.36.6]",
          "SafePatch.Protocol": "[1.0.0, )",
          "TestableIO.System.IO.Abstractions.TestingHelpers": "[22.1.1, )"
        }
      },
      "Microsoft.CodeAnalysis.CSharp": {
        "type": "CentralTransitive",
        "requested": "[5.6.0, )",
        "resolved": "5.6.0",
        "contentHash": "r1DrKQ/L0xTw03wJrLr36AMQNslyaeEKBFyFmQcOKa8HX3YvmhY//JEUafb6IR/m0gmaUVCfBTWitKJRNb7YAA==",
        "dependencies": {
          "Microsoft.CodeAnalysis.Analyzers": "5.3.0",
          "Microsoft.CodeAnalysis.Common": "[5.6.0]"
        }
      },
      "Mutagen.Bethesda.Skyrim": {
        "type": "CentralTransitive",
        "requested": "[0.54.5-safepatch.18, 0.54.5-safepatch.18]",
        "resolved": "0.54.5-safepatch.18",
        "contentHash": "2M+C8soimBTt7RWJ4N4tNuL81WRQzKAb8CibDzfoChXPogY7Fs73NDSVAN4FEsdFO1U40URgcXUYEHBxa+eQnw==",
        "dependencies": {
          "Loqui": "3.7.0",
          "Mutagen.Bethesda.Core": "0.54.5-safepatch.18",
          "Noggog.CSharpExt": "4.3.0"
        }
      },
      "Mutagen.Bethesda.Synthesis": {
        "type": "CentralTransitive",
        "requested": "[0.36.6, 0.36.6]",
        "resolved": "0.36.6",
        "contentHash": "qBIf15Mfzt6+DtqadBuwhk7DLcylGXX9Sdv9laKlw/3vBs1S8A+mJBKQ9SQvoYqigrfpm2sZ0b3aYxFyGAA2ag==",
        "dependencies": {
          "Mutagen.Bethesda.Core": "0.54.4",
          "Mutagen.Bethesda.Json": "0.54.4",
          "Newtonsoft.Json": "13.0.4",
          "Noggog.CSharpExt": "4.3.0",
          "Noggog.SourceGenerators": "4.3.0",
          "Synthesis.Bethesda": "0.36.6"
        }
      },
      "TestableIO.System.IO.Abstractions.TestingHelpers": {
        "type": "CentralTransitive",
        "requested": "[22.1.1, )",
        "resolved": "22.1.1",
        "contentHash": "To7oYx68nrl0tu8duRSO9SyRHrNOVYSYIUlvfqNnoX9X2X9thIdJGmM3W3ZINtT4xqKuSy1Tb4hJK35Umhtfqg==",
        "dependencies": {
          "TestableIO.System.IO.Abstractions.Wrappers": "22.1.1",
          "Testably.Abstractions.FileSystem.Interface": "10.1.0"
        }
      }
    }
  }
}